
Microsoft Visual Studio Solution File, Format Version 12.00
# Visual Studio Version 16
VisualStudioVersion = 16.0.30406.217
MinimumVisualStudioVersion = 10.0.40219.1
Project("{FAE04EC0-301F-11D3-BF4B-00C04F79EFBC}") = "letter scrambler", "letter scrambler\letter scrambler.csproj", "{F5E793D1-0650-41FE-974D-B1155C7CE45A}"
EndProject
Global
	GlobalSection(SolutionConfigurationPlatforms) = preSolution
		Debug|Any CPU = Debug|Any CPU
		Release|Any CPU = Release|Any CPU
	EndGlobalSection
	GlobalSection(ProjectConfigurationPlatforms) = postSolution
		{F5E793D1-0650-41FE-974D-B1155C7CE45A}.Debug|Any CPU.ActiveCfg = Debug|Any CPU
		{F5E793D1-0650-41FE-974D-B1155C7CE45A}.Debug|Any CPU.Build.0 = Debug|Any CPU
		{F5E793D1-0650-41FE-974D-B1155C7CE45A}.Release|Any CPU.ActiveCfg = Release|Any CPU
		{F5E793D1-0650-41FE-974D-B1155C7CE45A}.Release|Any CPU.Build.0 = Release|Any CPU
	EndGlobalSection
	GlobalSection(SolutionProperties) = preSolution
		HideSolutionNode = FALSE
	EndGlobalSection
	GlobalSection(ExtensibilityGlobals) = postSolution
		SolutionGuid = {91373A6D-25A9-43B9-B945-D1E34AB33AE7}
	EndGlobalSection
EndGlobal
